
Microsoft Visual Studio Solution File, Format Version 12.00
# Visual Studio 15
VisualStudioVersion = 15.0.27004.2006
MinimumVisualStudioVersion = 10.0.40219.1
Project("{FAE04EC0-301F-11D3-BF4B-00C04F79EFBC}") = "EPLAN Remote Client", "EPLAN Remote Client\EPLAN Remote Client.csproj", "{03E5C652-81B6-4E31-9B80-6CC4E7F857A2}"
EndProject
Project("{FAE04EC0-301F-11D3-BF4B-00C04F79EFBC}") = "EPLAN Scripting Project", "EPLAN Scripting Project\EPLAN Scripting Project.csproj", "{F52C4891-BC33-4E96-9604-98B5A828482B}"
EndProject
Global
	GlobalSection(SolutionConfigurationPlatforms) = preSolution
		Debug|Any CPU = Debug|Any CPU
		Release|Any CPU = Release|Any CPU
	EndGlobalSection
	GlobalSection(ProjectConfigurationPlatforms) = postSolution
		{03E5C652-81B6-4E31-9B80-6CC4E7F857A2}.Debug|Any CPU.ActiveCfg = Debug|Any CPU
		{03E5C652-81B6-4E31-9B80-6CC4E7F857A2}.Debug|Any CPU.Build.0 = Debug|Any CPU
		{03E5C652-81B6-4E31-9B80-6CC4E7F857A2}.Release|Any CPU.ActiveCfg = Release|Any CPU
		{03E5C652-81B6-4E31-9B80-6CC4E7F857A2}.Release|Any CPU.Build.0 = Release|Any CPU
		{F52C4891-BC33-4E96-9604-98B5A828482B}.Debug|Any CPU.ActiveCfg = Debug|Any CPU
		{F52C4891-BC33-4E96-9604-98B5A828482B}.Debug|Any CPU.Build.0 = Debug|Any CPU
		{F52C4891-BC33-4E96-9604-98B5A828482B}.Release|Any CPU.ActiveCfg = Release|Any CPU
		{F52C4891-BC33-4E96-9604-98B5A828482B}.Release|Any CPU.Build.0 = Release|Any CPU
	EndGlobalSection
	GlobalSection(SolutionProperties) = preSolution
		HideSolutionNode = FALSE
	EndGlobalSection
	GlobalSection(ExtensibilityGlobals) = postSolution
		SolutionGuid = {48C847FD-E439-4D98-8AC0-5CAF887EE358}
	EndGlobalSection
EndGlobal
